
Microsoft Visual Studio Solution File, Format Version 12.00
# Visual Studio Version 16
VisualStudioVersion = 16.0.31515.178
MinimumVisualStudioVersion = 10.0.40219.1
Project("{FAE04EC0-301F-11D3-BF4B-00C04F79EFBC}") = "Contactos", "Contactos\Contactos.csproj", "{8325CD9B-7C70-4046-8533-D8C582AE47D9}"
EndProject
Global
	GlobalSection(SolutionConfigurationPlatforms) = preSolution
		Debug|Any CPU = Debug|Any CPU
		Release|Any CPU = Release|Any CPU
	EndGlobalSection
	GlobalSection(ProjectConfigurationPlatforms) = postSolution
		{8325CD9B-7C70-4046-8533-D8C582AE47D9}.Debug|Any CPU.ActiveCfg = Debug|Any CPU
		{8325CD9B-7C70-4046-8533-D8C582AE47D9}.Debug|Any CPU.Build.0 = Debug|Any CPU
		{8325CD9B-7C70-4046-8533-D8C582AE47D9}.Release|Any CPU.ActiveCfg = Release|Any CPU
		{8325CD9B-7C70-4046-8533-D8C582AE47D9}.Release|Any CPU.Build.0 = Release|Any CPU
	EndGlobalSection
	GlobalSection(SolutionProperties) = preSolution
		HideSolutionNode = FALSE
	EndGlobalSection
	GlobalSection(ExtensibilityGlobals) = postSolution
		SolutionGuid = {83925BD1-3824-4952-A9FB-FD7B39F0E80A}
	EndGlobalSection
EndGlobal
